{
  "name": "craftisle-viewer-static",
  "version": "1.0.0",
  "lockfileVersion": 3,
  "requires": true,
  "packages": {
    "": {
      "name": "craftisle-viewer-static",
      "version": "1.0.0",
      "dependencies": {
        "@flyfish-group/file-viewer-web": "^1.0.16"
      }
    },
    "node_modules/@flyfish-group/file-viewer-web": {
      "version": "1.0.16",
      "resolved": "https://registry.npmjs.org/@flyfish-group/file-viewer-web/-/file-viewer-web-1.0.16.tgz",
      "integrity": "sha512-41Dg/Q6fAhDp8HRzgBnQUth3U5tJbAXrcFVQgQa/Xm8D3IKjdTW8NW3ZzjiUW7jcnoFvxr/S2yXv1Xi9pAPbfw==",
      "hasInstallScript": true,
      "license": "Apache-2.0",
      "bin": {
        "file-viewer-copy-assets": "scripts/copy-assets.mjs"
      }
    }
  }
}
